// !$*UTF8*$!
{
	archiveVersion = 1;
	classes = {
	};
	objectVersion = 46;
	objects = {

/* Begin PBXBuildFile section */
		7709ADE713243258000FD1E4 /* UIKit.framework in Frameworks */ = {isa = PBXBuildFile; fileRef = 7709ADE613243258000FD1E4 /* UIKit.framework */; };
		7709ADE913243258000FD1E4 /* Foundation.framework in Frameworks */ = {isa = PBXBuildFile; fileRef = 7709ADE813243258000FD1E4 /* Foundation.framework */; };
		7709ADEB13243258000FD1E4 /* CoreGraphics.framework in Frameworks */ = {isa = PBXBuildFile; fileRef = 7709ADEA13243258000FD1E4 /* CoreGraphics.framework */; };
		7709ADF113243258000FD1E4 /* InfoPlist.strings in Resources */ = {isa = PBXBuildFile; fileRef = 7709ADEF13243258000FD1E4 /* InfoPlist.strings */; };
		7709ADF413243258000FD1E4 /* main.m in Sources */ = {isa = PBXBuildFile; fileRef = 7709ADF313243258000FD1E4 /* main.m */; };
		7709ADF713243258000FD1E4 /* UIDickBarAppDelegate.m in Sources */ = {isa = PBXBuildFile; fileRef = 7709ADF613243258000FD1E4 /* UIDickBarAppDelegate.m */; };
		7709ADFA13243258000FD1E4 /* MainWindow.xib in Resources */ = {isa = PBXBuildFile; fileRef = 7709ADF813243258000FD1E4 /* MainWindow.xib */; };
		7709ADFD13243258000FD1E4 /* RootViewController.m in Sources */ = {isa = PBXBuildFile; fileRef = 7709ADFC13243258000FD1E4 /* RootViewController.m */; };
		7709AE0013243258000FD1E4 /* RootViewController.xib in Resources */ = {isa = PBXBuildFile; fileRef = 7709ADFE13243258000FD1E4 /* RootViewController.xib */; };
/* End PBXBuildFile section */

/* Begin PBXFileReference section */
		7709ADE213243258000FD1E4 /* UIDickBar.app */ = {isa = PBXFileReference; explicitFileType = wrapper.application; includeInIndex = 0; path = UIDickBar.app; sourceTree = BUILT_PRODUCTS_DIR; };
		7709ADE613243258000FD1E4 /* UIKit.framework */ = {isa = PBXFileReference; lastKnownFileType = wrapper.framework; name = UIKit.framework; path = System/Library/Frameworks/UIKit.framework; sourceTree = SDKROOT; };
		7709ADE813243258000FD1E4 /* Foundation.framework */ = {isa = PBXFileReference; lastKnownFileType = wrapper.framework; name = Foundation.framework; path = System/Library/Frameworks/Foundation.framework; sourceTree = SDKROOT; };
		7709ADEA13243258000FD1E4 /* CoreGraphics.framework */ = {isa = PBXFileReference; lastKnownFileType = wrapper.framework; name = CoreGraphics.framework; path = System/Library/Frameworks/CoreGraphics.framework; sourceTree = SDKROOT; };
		7709ADEE13243258000FD1E4 /* UIDickBar-Info.plist */ = {isa = PBXFileReference; path = "UIDickBar-Info.plist"; sourceTree = "<group>"; };
		7709ADF013243258000FD1E4 /* en */ = {isa = PBXFileReference; lastKnownFileType = text.plist.strings; name = en; path = en.lproj/InfoPlist.strings; sourceTree = "<group>"; };
		7709ADF213243258000FD1E4 /* UIDickBar-Prefix.pch */ = {isa = PBXFileReference; path = "UIDickBar-Prefix.pch"; sourceTree = "<group>"; };
		7709ADF313243258000FD1E4 /* main.m */ = {isa = PBXFileReference; lastKnownFileType = sourcecode.c.objc; path = main.m; sourceTree = "<group>"; };
		7709ADF513243258000FD1E4 /* UIDickBarAppDelegate.h */ = {isa = PBXFileReference; path = UIDickBarAppDelegate.h; sourceTree = "<group>"; };
		7709ADF613243258000FD1E4 /* UIDickBarAppDelegate.m */ = {isa = PBXFileReference; lastKnownFileType = sourcecode.c.objc; path = UIDickBarAppDelegate.m; sourceTree = "<group>"; };
		7709ADF913243258000FD1E4 /* en */ = {isa = PBXFileReference; lastKnownFileType = file.xib; name = en; path = en.lproj/MainWindow.xib; sourceTree = "<group>"; };
		7709ADFB13243258000FD1E4 /* RootViewController.h */ = {isa = PBXFileReference; path = RootViewController.h; sourceTree = "<group>"; };
		7709ADFC13243258000FD1E4 /* RootViewController.m */ = {isa = PBXFileReference; lastKnownFileType = sourcecode.c.objc; path = RootViewController.m; sourceTree = "<group>"; };
		7709ADFF13243258000FD1E4 /* en */ = {isa = PBXFileReference; lastKnownFileType = file.xib; name = en; path = en.lproj/RootViewController.xib; sourceTree = "<group>"; };
/* End PBXFileReference section */

/* Begin PBXFrameworksBuildPhase section */
		7709ADDF13243258000FD1E4 /* Frameworks */ = {
			isa = PBXFrameworksBuildPhase;
			buildActionMask = 2147483647;
			files = (
				7709ADE713243258000FD1E4 /* UIKit.framework in Frameworks */,
				7709ADE913243258000FD1E4 /* Foundation.framework in Frameworks */,
				7709ADEB13243258000FD1E4 /* CoreGraphics.framework in Frameworks */,
			);
			runOnlyForDeploymentPostprocessing = 0;
		};
/* End PBXFrameworksBuildPhase section */

/* Begin PBXGroup section */
		7709ADD713243258000FD1E4 = {
			isa = PBXGroup;
			children = (
				7709ADEC13243258000FD1E4 /* UIDickBar */,
				7709ADE513243258000FD1E4 /* Frameworks */,
				7709ADE313243258000FD1E4 /* Products */,
			);
			sourceTree = "<group>";
		};
		7709ADE313243258000FD1E4 /* Products */ = {
			isa = PBXGroup;
			children = (
				7709ADE213243258000FD1E4 /* UIDickBar.app */,
			);
			name = Products;
			sourceTree = "<group>";
		};
		7709ADE513243258000FD1E4 /* Frameworks */ = {
			isa = PBXGroup;
			children = (
				7709ADE613243258000FD1E4 /* UIKit.framework */,
				7709ADE813243258000FD1E4 /* Foundation.framework */,
				7709ADEA13243258000FD1E4 /* CoreGraphics.framework */,
			);
			name = Frameworks;
			sourceTree = "<group>";
		};
		7709ADEC13243258000FD1E4 /* UIDickBar */ = {
			isa = PBXGroup;
			children = (
				7709ADF513243258000FD1E4 /* UIDickBarAppDelegate.h */,
				7709ADF613243258000FD1E4 /* UIDickBarAppDelegate.m */,
				7709ADF813243258000FD1E4 /* MainWindow.xib */,
				7709ADFB13243258000FD1E4 /* RootViewController.h */,
				7709ADFC13243258000FD1E4 /* RootViewController.m */,
				7709ADFE13243258000FD1E4 /* RootViewController.xib */,
				7709ADED13243258000FD1E4 /* Supporting Files */,
			);
			path = UIDickBar;
			sourceTree = "<group>";
		};
		7709ADED13243258000FD1E4 /* Supporting Files */ = {
			isa = PBXGroup;
			children = (
				7709ADEE13243258000FD1E4 /* UIDickBar-Info.plist */,
				7709ADEF13243258000FD1E4 /* InfoPlist.strings */,
				7709ADF213243258000FD1E4 /* UIDickBar-Prefix.pch */,
				7709ADF313243258000FD1E4 /* main.m */,
			);
			name = "Supporting Files";
			sourceTree = "<group>";
		};
/* End PBXGroup section */

/* Begin PBXNativeTarget section */
		7709ADE113243258000FD1E4 /* UIDickBar */ = {
			isa = PBXNativeTarget;
			buildConfigurationList = 7709AE0313243258000FD1E4 /* Build configuration list for PBXNativeTarget "UIDickBar" */;
			buildPhases = (
				7709ADDE13243258000FD1E4 /* Sources */,
				7709ADDF13243258000FD1E4 /* Frameworks */,
				7709ADE013243258000FD1E4 /* Resources */,
			);
			buildRules = (
			);
			dependencies = (
			);
			name = UIDickBar;
			productName = UIDickBar;
			productReference = 7709ADE213243258000FD1E4 /* UIDickBar.app */;
			productType = "com.apple.product-type.application";
		};
/* End PBXNativeTarget section */

/* Begin PBXProject section */
		7709ADD913243258000FD1E4 /* Project object */ = {
			isa = PBXProject;
			buildConfigurationList = 7709ADDC13243258000FD1E4 /* Build configuration list for PBXProject "UIDickBar" */;
			compatibilityVersion = "Xcode 3.2";
			developmentRegion = English;
			hasScannedForEncodings = 0;
			knownRegions = (
				en,
			);
			mainGroup = 7709ADD713243258000FD1E4;
			productRefGroup = 7709ADE313243258000FD1E4 /* Products */;
			projectDirPath = "";
			projectRoot = "";
			targets = (
				7709ADE113243258000FD1E4 /* UIDickBar */,
			);
		};
/* End PBXProject section */

/* Begin PBXResourcesBuildPhase section */
		7709ADE013243258000FD1E4 /* Resources */ = {
			isa = PBXResourcesBuildPhase;
			buildActionMask = 2147483647;
			files = (
				7709ADF113243258000FD1E4 /* InfoPlist.strings in Resources */,
				7709ADFA13243258000FD1E4 /* MainWindow.xib in Resources */,
				7709AE0013243258000FD1E4 /* RootViewController.xib in Resources */,
			);
			runOnlyForDeploymentPostprocessing = 0;
		};
/* End PBXResourcesBuildPhase section */

/* Begin PBXSourcesBuildPhase section */
		7709ADDE13243258000FD1E4 /* Sources */ = {
			isa = PBXSourcesBuildPhase;
			buildActionMask = 2147483647;
			files = (
				7709ADF413243258000FD1E4 /* main.m in Sources */,
				7709ADF713243258000FD1E4 /* UIDickBarAppDelegate.m in Sources */,
				7709ADFD13243258000FD1E4 /* RootViewController.m in Sources */,
			);
			runOnlyForDeploymentPostprocessing = 0;
		};
/* End PBXSourcesBuildPhase section */

/* Begin PBXVariantGroup section */
		7709ADEF13243258000FD1E4 /* InfoPlist.strings */ = {
			isa = PBXVariantGroup;
			children = (
				7709ADF013243258000FD1E4 /* en */,
			);
			name = InfoPlist.strings;
			sourceTree = "<group>";
		};
		7709ADF813243258000FD1E4 /* MainWindow.xib */ = {
			isa = PBXVariantGroup;
			children = (
				7709ADF913243258000FD1E4 /* en */,
			);
			name = MainWindow.xib;
			sourceTree = "<group>";
		};
		7709ADFE13243258000FD1E4 /* RootViewController.xib */ = {
			isa = PBXVariantGroup;
			children = (
				7709ADFF13243258000FD1E4 /* en */,
			);
			name = RootViewController.xib;
			sourceTree = "<group>";
		};
/* End PBXVariantGroup section */

/* Begin XCBuildConfiguration section */
		7709AE0113243258000FD1E4 /* Debug */ = {
			isa = XCBuildConfiguration;
			buildSettings = {
				ARCHS = "$(ARCHS_STANDARD_32_BIT)";
				"CODE_SIGN_IDENTITY[sdk=iphoneos*]" = "iPhone Developer";
				GCC_C_LANGUAGE_STANDARD = gnu99;
				GCC_OPTIMIZATION_LEVEL = 0;
				GCC_PREPROCESSOR_DEFINITIONS = DEBUG;
				GCC_SYMBOLS_PRIVATE_EXTERN = NO;
				GCC_VERSION = com.apple.compilers.llvmgcc42;
				GCC_WARN_ABOUT_RETURN_TYPE = YES;
				GCC_WARN_UNUSED_VARIABLE = YES;
				IPHONEOS_DEPLOYMENT_TARGET = 4.3;
				SDKROOT = iphoneos;
			};
			name = Debug;
		};
		7709AE0213243258000FD1E4 /* Release */ = {
			isa = XCBuildConfiguration;
			buildSettings = {
				ARCHS = "$(ARCHS_STANDARD_32_BIT)";
				"CODE_SIGN_IDENTITY[sdk=iphoneos*]" = "iPhone Developer";
				GCC_C_LANGUAGE_STANDARD = gnu99;
				GCC_VERSION = com.apple.compilers.llvmgcc42;
				GCC_WARN_ABOUT_RETURN_TYPE = YES;
				GCC_WARN_UNUSED_VARIABLE = YES;
				IPHONEOS_DEPLOYMENT_TARGET = 4.3;
				OTHER_CFLAGS = "-DNS_BLOCK_ASSERTIONS=1";
				SDKROOT = iphoneos;
			};
			name = Release;
		};
		7709AE0413243258000FD1E4 /* Debug */ = {
			isa = XCBuildConfiguration;
			buildSettings = {
				ALWAYS_SEARCH_USER_PATHS = NO;
				COPY_PHASE_STRIP = NO;
				GCC_DYNAMIC_NO_PIC = NO;
				GCC_PRECOMPILE_PREFIX_HEADER = YES;
				GCC_PREFIX_HEADER = "UIDickBar/UIDickBar-Prefix.pch";
				INFOPLIST_FILE = "UIDickBar/UIDickBar-Info.plist";
				PRODUCT_NAME = "$(TARGET_NAME)";
				WRAPPER_EXTENSION = app;
			};
			name = Debug;
		};
		7709AE0513243258000FD1E4 /* Release */ = {
			isa = XCBuildConfiguration;
			buildSettings = {
				ALWAYS_SEARCH_USER_PATHS = NO;
				COPY_PHASE_STRIP = YES;
				GCC_PRECOMPILE_PREFIX_HEADER = YES;
				GCC_PREFIX_HEADER = "UIDickBar/UIDickBar-Prefix.pch";
				INFOPLIST_FILE = "UIDickBar/UIDickBar-Info.plist";
				PRODUCT_NAME = "$(TARGET_NAME)";
				VALIDATE_PRODUCT = YES;
				WRAPPER_EXTENSION = app;
			};
			name = Release;
		};
/* End XCBuildConfiguration section */

/* Begin XCConfigurationList section */
		7709ADDC13243258000FD1E4 /* Build configuration list for PBXProject "UIDickBar" */ = {
			isa = XCConfigurationList;
			buildConfigurations = (
				7709AE0113243258000FD1E4 /* Debug */,
				7709AE0213243258000FD1E4 /* Release */,
			);
			defaultConfigurationIsVisible = 0;
			defaultConfigurationName = Release;
		};
		7709AE0313243258000FD1E4 /* Build configuration list for PBXNativeTarget "UIDickBar" */ = {
			isa = XCConfigurationList;
			buildConfigurations = (
				7709AE0413243258000FD1E4 /* Debug */,
				7709AE0513243258000FD1E4 /* Release */,
			);
			defaultConfigurationIsVisible = 0;
		};
/* End XCConfigurationList section */
	};
	rootObject = 7709ADD913243258000FD1E4 /* Project object */;
}
